PODS:
  - Alamofire (5.6.4)
  - AliyunOSSiOS (2.10.16)
  - AMapFoundation (1.8.0)
  - AMapLocation (2.9.0):
    - AMapFoundation (>= 1.7.0)
  - AMapSearch (9.5.0):
    - AMapFoundation (>= 1.8.0)
  - CHTCollectionViewWaterfallLayout (0.9.10):
    - CHTCollectionViewWaterfallLayout/Swift (= 0.9.10)
  - CHTCollectionViewWaterfallLayout/Swift (0.9.10)
  - DateToolsSwift (5.0.0)
  - FaveButton (3.2.1)
  - Hero (1.6.2)
  - ImageSlideshow (1.9.2):
    - ImageSlideshow/Core (= 1.9.2)
  - ImageSlideshow/Core (1.9.2)
  - ImageSlideshow/Kingfisher (1.9.2):
    - ImageSlideshow/Core
    - Kingfisher (> 3.0)
  - Kingfisher (6.0.0)
  - KMPlaceholderTextView (1.4.0)
  - MBProgressHUD (1.2.0)
  - MJRefresh (3.7.5)
  - Motion (3.1.3):
    - Motion/Core (= 3.1.3)
  - Motion/Core (3.1.3)
  - PryntTrimmerView (4.0.2)
  - SegementSlide (3.0.1)
  - SKPhotoBrowser (7.1.0)
  - SnapKit (5.6.0)
  - SteviaLayout (4.7.3)
  - SwiftyJSON (5.0.1)
  - XLPagerTabStrip (9.0.0)
  - YPImagePicker (5.2.1):
    - PryntTrimmerView (= 4.0.2)
    - SteviaLayout (= 4.7.3)

DEPENDENCIES:
  - Alamofire
  - AliyunOSSiOS
  - AMapLocation
  - AMapSearch
  - CHTCollectionViewWaterfallLayout
  - DateToolsSwift
  - FaveButton
  - Hero
  - ImageSlideshow (~> 1.9.0)
  - ImageSlideshow/Kingfisher
  - Kingfisher (= 6.0)
  - KMPlaceholderTextView (~> 1.4.0)
  - MBProgressHUD (~> 1.2.0)
  - MJRefresh
  - Motion
  - SegementSlide (= 3.0.1)
  - SKPhotoBrowser
  - SnapKit
  - SwiftyJSON
  - XLPagerTabStrip
  - YPImagePicker

SPEC REPOS:
  trunk:
    - Alamofire
    - AliyunOSSiOS
    - AMapFoundation
    - AMapLocation
    - AMapSearch
    - CHTCollectionViewWaterfallLayout
    - DateToolsSwift
    - FaveButton
    - Hero
    - ImageSlideshow
    - Kingfisher
    - KMPlaceholderTextView
    - MBProgressHUD
    - MJRefresh
    - Motion
    - PryntTrimmerView
    - SegementSlide
    - SKPhotoBrowser
    - SnapKit
    - SteviaLayout
    - SwiftyJSON
    - XLPagerTabStrip
    - YPImagePicker

SPEC CHECKSUMS:
  Alamofire: 4e95d97098eacb88856099c4fc79b526a299e48c
  AliyunOSSiOS: d624effdd24535da414a2bacf0027bedf64cc90e
  AMapFoundation: f48153f724114b58da9b01875ab88a1f6856e3db
  AMapLocation: f5eb11e11c62f0f599f80b578eec8a1f70deb985
  AMapSearch: e0c81206b8ac1d27ef349095a96ea6398e3a0da3
  CHTCollectionViewWaterfallLayout: b989a459788d7657ac010e03bc0f7eedca95a420
  DateToolsSwift: 4207ada6ad615d8dc076323d27037c94916dbfa6
  FaveButton: 93cfebf6030336fa7653fad2068c3152ed668b39
  Hero: c69009dbc9e2f0472e081adc644dba05fcedae72
  ImageSlideshow: be305b54eaf2b2cfc7a7141c7c734605d44dc07d
  Kingfisher: 13f6e68c928eb50439b5cb2ea75d6035018438ea
  KMPlaceholderTextView: 2206c3df39979e9396e2d96fa9f427a8951121b0
  MBProgressHUD: 3ee5efcc380f6a79a7cc9b363dd669c5e1ae7406
  MJRefresh: fdf5e979eb406a0341468932d1dfc8b7f9fce961
  Motion: cf1e060e489f6661126374d5c60dbd2ed991605c
  PryntTrimmerView: 6a43cc90df5d99addeabd33d4ba09b1365322130
  SegementSlide: 83b56ffb66b9c0edc4e4f2a74229309c62915db3
  SKPhotoBrowser: cd95b95a6f352fc2a50992721299f75ead77f9ab
  SnapKit: e01d52ebb8ddbc333eefe2132acf85c8227d9c25
  SteviaLayout: c2ecdcff57d44e38fd2f65e54ad52aeae28ca0c4
  SwiftyJSON: 2f33a42c6fbc52764d96f13368585094bfd8aa5e
  XLPagerTabStrip: 61c57fd61f611ee5f01ff1495ad6fbee8bf496c5
  YPImagePicker: f36043210c10b0783034eb1947d6e06e31c461e4

PODFILE CHECKSUM: 00ace30de9f5f0f1cb208e9454b0486bcfa1dd1d

COCOAPODS: 1.11.3
