// !$*UTF8*$!
{
	archiveVersion = 1;
	classes = {
	};
	objectVersion = 56;
	objects = {

/* Begin PBXBuildFile section */
		66E689DCCD3757E590047A81 /* Pods_XFS.framework in Frameworks */ = {isa = PBXBuildFile; fileRef = 67CC2BB63274ED75C1050185 /* Pods_XFS.framework */; };
		9792CC0B28E7E7AF00C9D040 /* AppDelegate.swift in Sources */ = {isa = PBXBuildFile; fileRef = 9792CC0A28E7E7AF00C9D040 /* AppDelegate.swift */; };
		9792CC0D28E7E7AF00C9D040 /* SceneDelegate.swift in Sources */ = {isa = PBXBuildFile; fileRef = 9792CC0C28E7E7AF00C9D040 /* SceneDelegate.swift */; };
		9792CC1228E7E7AF00C9D040 /* Main.storyboard in Resources */ = {isa = PBXBuildFile; fileRef = 9792CC1028E7E7AF00C9D040 /* Main.storyboard */; };
		9792CC1528E7E7AF00C9D040 /* XFS.xcdatamodeld in Sources */ = {isa = PBXBuildFile; fileRef = 9792CC1328E7E7AF00C9D040 /* XFS.xcdatamodeld */; };
		9792CC1728E7E7AF00C9D040 /* Assets.xcassets in Resources */ = {isa = PBXBuildFile; fileRef = 9792CC1628E7E7AF00C9D040 /* Assets.xcassets */; };
		9792CC1A28E7E7AF00C9D040 /* LaunchScreen.storyboard in Resources */ = {isa = PBXBuildFile; fileRef = 9792CC1828E7E7AF00C9D040 /* LaunchScreen.storyboard */; };
		97F21E2128E8D2DF00A23084 /* FellowVC.swift in Sources */ = {isa = PBXBuildFile; fileRef = 97F21E2028E8D2DF00A23084 /* FellowVC.swift */; };
		97F21E2328E8D30800A23084 /* DiscoverVC.swift in Sources */ = {isa = PBXBuildFile; fileRef = 97F21E2228E8D30800A23084 /* DiscoverVC.swift */; };
		97F21E2528E8D32200A23084 /* NearbyVC.swift in Sources */ = {isa = PBXBuildFile; fileRef = 97F21E2428E8D32200A23084 /* NearbyVC.swift */; };
		97F21E2728E8D33F00A23084 /* HomeVC.swift in Sources */ = {isa = PBXBuildFile; fileRef = 97F21E2628E8D33F00A23084 /* HomeVC.swift */; };
		97F21E2A28E8DE0B00A23084 /* Constants.swift in Sources */ = {isa = PBXBuildFile; fileRef = 97F21E2928E8DE0B00A23084 /* Constants.swift */; };
		97F21E2E28E92A3A00A23084 /* WaterFallVC.swift in Sources */ = {isa = PBXBuildFile; fileRef = 97F21E2D28E92A3A00A23084 /* WaterFallVC.swift */; };
		97F21E3028E92D2E00A23084 /* WaterFallwCell.swift in Sources */ = {isa = PBXBuildFile; fileRef = 97F21E2F28E92D2E00A23084 /* WaterFallwCell.swift */; };
/* End PBXBuildFile section */

/* Begin PBXFileReference section */
		67CC2BB63274ED75C1050185 /* Pods_XFS.framework */ = {isa = PBXFileReference; explicitFileType = wrapper.framework; includeInIndex = 0; path = Pods_XFS.framework; sourceTree = BUILT_PRODUCTS_DIR; };
		73D27019784FB05FA7C6D9CF /* Pods-XFS.release.xcconfig */ = {isa = PBXFileReference; includeInIndex = 1; lastKnownFileType = text.xcconfig; name = "Pods-XFS.release.xcconfig"; path = "Target Support Files/Pods-XFS/Pods-XFS.release.xcconfig"; sourceTree = "<group>"; };
		9792CC0728E7E7AF00C9D040 /* XFS.app */ = {isa = PBXFileReference; explicitFileType = wrapper.application; includeInIndex = 0; path = XFS.app; sourceTree = BUILT_PRODUCTS_DIR; };
		9792CC0A28E7E7AF00C9D040 /* AppDelegate.swift */ = {isa = PBXFileReference; lastKnownFileType = sourcecode.swift; path = AppDelegate.swift; sourceTree = "<group>"; };
		9792CC0C28E7E7AF00C9D040 /* SceneDelegate.swift */ = {isa = PBXFileReference; lastKnownFileType = sourcecode.swift; path = SceneDelegate.swift; sourceTree = "<group>"; };
		9792CC1128E7E7AF00C9D040 /* Base */ = {isa = PBXFileReference; lastKnownFileType = file.storyboard; name = Base; path = Base.lproj/Main.storyboard; sourceTree = "<group>"; };
		9792CC1428E7E7AF00C9D040 /* XFS.xcdatamodel */ = {isa = PBXFileReference; lastKnownFileType = wrapper.xcdatamodel; path = XFS.xcdatamodel; sourceTree = "<group>"; };
		9792CC1628E7E7AF00C9D040 /* Assets.xcassets */ = {isa = PBXFileReference; lastKnownFileType = folder.assetcatalog; path = Assets.xcassets; sourceTree = "<group>"; };
		9792CC1928E7E7AF00C9D040 /* Base */ = {isa = PBXFileReference; lastKnownFileType = file.storyboard; name = Base; path = Base.lproj/LaunchScreen.storyboard; sourceTree = "<group>"; };
		9792CC1B28E7E7AF00C9D040 /* Info.plist */ = {isa = PBXFileReference; lastKnownFileType = text.plist.xml; path = Info.plist; sourceTree = "<group>"; };
		97F21E2028E8D2DF00A23084 /* FellowVC.swift */ = {isa = PBXFileReference; lastKnownFileType = sourcecode.swift; path = FellowVC.swift; sourceTree = "<group>"; };
		97F21E2228E8D30800A23084 /* DiscoverVC.swift */ = {isa = PBXFileReference; lastKnownFileType = sourcecode.swift; path = DiscoverVC.swift; sourceTree = "<group>"; };
		97F21E2428E8D32200A23084 /* NearbyVC.swift */ = {isa = PBXFileReference; lastKnownFileType = sourcecode.swift; path = NearbyVC.swift; sourceTree = "<group>"; };
		97F21E2628E8D33F00A23084 /* HomeVC.swift */ = {isa = PBXFileReference; lastKnownFileType = sourcecode.swift; path = HomeVC.swift; sourceTree = "<group>"; };
		97F21E2928E8DE0B00A23084 /* Constants.swift */ = {isa = PBXFileReference; lastKnownFileType = sourcecode.swift; path = Constants.swift; sourceTree = "<group>"; };
		97F21E2D28E92A3A00A23084 /* WaterFallVC.swift */ = {isa = PBXFileReference; lastKnownFileType = sourcecode.swift; path = WaterFallVC.swift; sourceTree = "<group>"; };
		97F21E2F28E92D2E00A23084 /* WaterFallwCell.swift */ = {isa = PBXFileReference; lastKnownFileType = sourcecode.swift; path = WaterFallwCell.swift; sourceTree = "<group>"; };
		C35B81B4E4E5547332B1656E /* Pods-XFS.debug.xcconfig */ = {isa = PBXFileReference; includeInIndex = 1; lastKnownFileType = text.xcconfig; name = "Pods-XFS.debug.xcconfig"; path = "Target Support Files/Pods-XFS/Pods-XFS.debug.xcconfig"; sourceTree = "<group>"; };
/* End PBXFileReference section */

/* Begin PBXFrameworksBuildPhase section */
		9792CC0428E7E7AF00C9D040 /* Frameworks */ = {
			isa = PBXFrameworksBuildPhase;
			buildActionMask = 2147483647;
			files = (
				66E689DCCD3757E590047A81 /* Pods_XFS.framework in Frameworks */,
			);
			runOnlyForDeploymentPostprocessing = 0;
		};
/* End PBXFrameworksBuildPhase section */

/* Begin PBXGroup section */
		9792CBFE28E7E7AF00C9D040 = {
			isa = PBXGroup;
			children = (
				9792CC0928E7E7AF00C9D040 /* XFS */,
				9792CC0828E7E7AF00C9D040 /* Products */,
				9E5ABBBE703FA781BCDB2F8B /* Pods */,
				FAAFDC9D15308BC390F55567 /* Frameworks */,
			);
			sourceTree = "<group>";
		};
		9792CC0828E7E7AF00C9D040 /* Products */ = {
			isa = PBXGroup;
			children = (
				9792CC0728E7E7AF00C9D040 /* XFS.app */,
			);
			name = Products;
			sourceTree = "<group>";
		};
		9792CC0928E7E7AF00C9D040 /* XFS */ = {
			isa = PBXGroup;
			children = (
				9792CC0A28E7E7AF00C9D040 /* AppDelegate.swift */,
				9792CC0C28E7E7AF00C9D040 /* SceneDelegate.swift */,
				97F21E2828E8D34900A23084 /* Home */,
				9792CC1028E7E7AF00C9D040 /* Main.storyboard */,
				97F21E2D28E92A3A00A23084 /* WaterFallVC.swift */,
				97F21E2F28E92D2E00A23084 /* WaterFallwCell.swift */,
				97F21E2928E8DE0B00A23084 /* Constants.swift */,
				9792CC1628E7E7AF00C9D040 /* Assets.xcassets */,
				9792CC1828E7E7AF00C9D040 /* LaunchScreen.storyboard */,
				9792CC1B28E7E7AF00C9D040 /* Info.plist */,
				9792CC1328E7E7AF00C9D040 /* XFS.xcdatamodeld */,
			);
			path = XFS;
			sourceTree = "<group>";
		};
		97F21E2828E8D34900A23084 /* Home */ = {
			isa = PBXGroup;
			children = (
				97F21E2628E8D33F00A23084 /* HomeVC.swift */,
				97F21E2028E8D2DF00A23084 /* FellowVC.swift */,
				97F21E2228E8D30800A23084 /* DiscoverVC.swift */,
				97F21E2428E8D32200A23084 /* NearbyVC.swift */,
			);
			path = Home;
			sourceTree = "<group>";
		};
		9E5ABBBE703FA781BCDB2F8B /* Pods */ = {
			isa = PBXGroup;
			children = (
				C35B81B4E4E5547332B1656E /* Pods-XFS.debug.xcconfig */,
				73D27019784FB05FA7C6D9CF /* Pods-XFS.release.xcconfig */,
			);
			path = Pods;
			sourceTree = "<group>";
		};
		FAAFDC9D15308BC390F55567 /* Frameworks */ = {
			isa = PBXGroup;
			children = (
				67CC2BB63274ED75C1050185 /* Pods_XFS.framework */,
			);
			name = Frameworks;
			sourceTree = "<group>";
		};
/* End PBXGroup section */

/* Begin PBXNativeTarget section */
		9792CC0628E7E7AF00C9D040 /* XFS */ = {
			isa = PBXNativeTarget;
			buildConfigurationList = 9792CC1E28E7E7AF00C9D040 /* Build configuration list for PBXNativeTarget "XFS" */;
			buildPhases = (
				D59000D12B6D6B4500FE5CBD /* [CP] Check Pods Manifest.lock */,
				9792CC0328E7E7AF00C9D040 /* Sources */,
				9792CC0428E7E7AF00C9D040 /* Frameworks */,
				9792CC0528E7E7AF00C9D040 /* Resources */,
				60AB9AAFA129120415A4843F /* [CP] Embed Pods Frameworks */,
			);
			buildRules = (
			);
			dependencies = (
			);
			name = XFS;
			productName = XFS;
			productReference = 9792CC0728E7E7AF00C9D040 /* XFS.app */;
			productType = "com.apple.product-type.application";
		};
/* End PBXNativeTarget section */

/* Begin PBXProject section */
		9792CBFF28E7E7AF00C9D040 /* Project object */ = {
			isa = PBXProject;
			attributes = {
				BuildIndependentTargetsInParallel = 1;
				LastSwiftUpdateCheck = 1400;
				LastUpgradeCheck = 1400;
				TargetAttributes = {
					9792CC0628E7E7AF00C9D040 = {
						CreatedOnToolsVersion = 14.0.1;
					};
				};
			};
			buildConfigurationList = 9792CC0228E7E7AF00C9D040 /* Build configuration list for PBXProject "XFS" */;
			compatibilityVersion = "Xcode 14.0";
			developmentRegion = en;
			hasScannedForEncodings = 0;
			knownRegions = (
				en,
				Base,
			);
			mainGroup = 9792CBFE28E7E7AF00C9D040;
			productRefGroup = 9792CC0828E7E7AF00C9D040 /* Products */;
			projectDirPath = "";
			projectRoot = "";
			targets = (
				9792CC0628E7E7AF00C9D040 /* XFS */,
			);
		};
/* End PBXProject section */

/* Begin PBXResourcesBuildPhase section */
		9792CC0528E7E7AF00C9D040 /* Resources */ = {
			isa = PBXResourcesBuildPhase;
			buildActionMask = 2147483647;
			files = (
				9792CC1A28E7E7AF00C9D040 /* LaunchScreen.storyboard in Resources */,
				9792CC1728E7E7AF00C9D040 /* Assets.xcassets in Resources */,
				9792CC1228E7E7AF00C9D040 /* Main.storyboard in Resources */,
			);
			runOnlyForDeploymentPostprocessing = 0;
		};
/* End PBXResourcesBuildPhase section */

/* Begin PBXShellScriptBuildPhase section */
		60AB9AAFA129120415A4843F /* [CP] Embed Pods Frameworks */ = {
			isa = PBXShellScriptBuildPhase;
			buildActionMask = 2147483647;
			files = (
			);
			inputFileListPaths = (
				"${PODS_ROOT}/Target Support Files/Pods-XFS/Pods-XFS-frameworks-${CONFIGURATION}-input-files.xcfilelist",
			);
			name = "[CP] Embed Pods Frameworks";
			outputFileListPaths = (
				"${PODS_ROOT}/Target Support Files/Pods-XFS/Pods-XFS-frameworks-${CONFIGURATION}-output-files.xcfilelist",
			);
			runOnlyForDeploymentPostprocessing = 0;
			shellPath = /bin/sh;
			shellScript = "\"${PODS_ROOT}/Target Support Files/Pods-XFS/Pods-XFS-frameworks.sh\"\n";
			showEnvVarsInLog = 0;
		};
		D59000D12B6D6B4500FE5CBD /* [CP] Check Pods Manifest.lock */ = {
			isa = PBXShellScriptBuildPhase;
			buildActionMask = 2147483647;
			files = (
			);
			inputFileListPaths = (
			);
			inputPaths = (
				"${PODS_PODFILE_DIR_PATH}/Podfile.lock",
				"${PODS_ROOT}/Manifest.lock",
			);
			name = "[CP] Check Pods Manifest.lock";
			outputFileListPaths = (
			);
			outputPaths = (
				"$(DERIVED_FILE_DIR)/Pods-XFS-checkManifestLockResult.txt",
			);
			runOnlyForDeploymentPostprocessing = 0;
			shellPath = /bin/sh;
			shellScript = "diff \"${PODS_PODFILE_DIR_PATH}/Podfile.lock\" \"${PODS_ROOT}/Manifest.lock\" > /dev/null\nif [ $? != 0 ] ; then\n    # print error to STDERR\n    echo \"error: The sandbox is not in sync with the Podfile.lock. Run 'pod install' or update your CocoaPods installation.\" >&2\n    exit 1\nfi\n# This output is used by Xcode 'outputs' to avoid re-running this script phase.\necho \"SUCCESS\" > \"${SCRIPT_OUTPUT_FILE_0}\"\n";
			showEnvVarsInLog = 0;
		};
/* End PBXShellScriptBuildPhase section */

/* Begin PBXSourcesBuildPhase section */
		9792CC0328E7E7AF00C9D040 /* Sources */ = {
			isa = PBXSourcesBuildPhase;
			buildActionMask = 2147483647;
			files = (
				97F21E2728E8D33F00A23084 /* HomeVC.swift in Sources */,
				97F21E2128E8D2DF00A23084 /* FellowVC.swift in Sources */,
				9792CC1528E7E7AF00C9D040 /* XFS.xcdatamodeld in Sources */,
				9792CC0B28E7E7AF00C9D040 /* AppDelegate.swift in Sources */,
				9792CC0D28E7E7AF00C9D040 /* SceneDelegate.swift in Sources */,
				97F21E2328E8D30800A23084 /* DiscoverVC.swift in Sources */,
				97F21E2528E8D32200A23084 /* NearbyVC.swift in Sources */,
				97F21E2E28E92A3A00A23084 /* WaterFallVC.swift in Sources */,
				97F21E3028E92D2E00A23084 /* WaterFallwCell.swift in Sources */,
				97F21E2A28E8DE0B00A23084 /* Constants.swift in Sources */,
			);
			runOnlyForDeploymentPostprocessing = 0;
		};
/* End PBXSourcesBuildPhase section */

/* Begin PBXVariantGroup section */
		9792CC1028E7E7AF00C9D040 /* Main.storyboard */ = {
			isa = PBXVariantGroup;
			children = (
				9792CC1128E7E7AF00C9D040 /* Base */,
			);
			name = Main.storyboard;
			sourceTree = "<group>";
		};
		9792CC1828E7E7AF00C9D040 /* LaunchScreen.storyboard */ = {
			isa = PBXVariantGroup;
			children = (
				9792CC1928E7E7AF00C9D040 /* Base */,
			);
			name = LaunchScreen.storyboard;
			sourceTree = "<group>";
		};
/* End PBXVariantGroup section */

/* Begin XCBuildConfiguration section */
		9792CC1C28E7E7AF00C9D040 /* Debug */ = {
			isa = XCBuildConfiguration;
			buildSettings = {
				ALWAYS_SEARCH_USER_PATHS = NO;
				CLANG_ANALYZER_NONNULL = YES;
				CLANG_ANALYZER_NUMBER_OBJECT_CONVERSION = YES_AGGRESSIVE;
				CLANG_CXX_LANGUAGE_STANDARD = "gnu++20";
				CLANG_ENABLE_MODULES = YES;
				CLANG_ENABLE_OBJC_ARC = YES;
				CLANG_ENABLE_OBJC_WEAK = YES;
				CLANG_WARN_BLOCK_CAPTURE_AUTORELEASING = YES;
				CLANG_WARN_BOOL_CONVERSION = YES;
				CLANG_WARN_COMMA = YES;
				CLANG_WARN_CONSTANT_CONVERSION = YES;
				CLANG_WARN_DEPRECATED_OBJC_IMPLEMENTATIONS = YES;
				CLANG_WARN_DIRECT_OBJC_ISA_USAGE = YES_ERROR;
				CLANG_WARN_DOCUMENTATION_COMMENTS = YES;
				CLANG_WARN_EMPTY_BODY = YES;
				CLANG_WARN_ENUM_CONVERSION = YES;
				CLANG_WARN_INFINITE_RECURSION = YES;
				CLANG_WARN_INT_CONVERSION = YES;
				CLANG_WARN_NON_LITERAL_NULL_CONVERSION = YES;
				CLANG_WARN_OBJC_IMPLICIT_RETAIN_SELF = YES;
				CLANG_WARN_OBJC_LITERAL_CONVERSION = YES;
				CLANG_WARN_OBJC_ROOT_CLASS = YES_ERROR;
				CLANG_WARN_QUOTED_INCLUDE_IN_FRAMEWORK_HEADER = YES;
				CLANG_WARN_RANGE_LOOP_ANALYSIS = YES;
				CLANG_WARN_STRICT_PROTOTYPES = YES;
				CLANG_WARN_SUSPICIOUS_MOVE = YES;
				CLANG_WARN_UNGUARDED_AVAILABILITY = YES_AGGRESSIVE;
				CLANG_WARN_UNREACHABLE_CODE = YES;
				CLANG_WARN__DUPLICATE_METHOD_MATCH = YES;
				COPY_PHASE_STRIP = NO;
				DEBUG_INFORMATION_FORMAT = dwarf;
				ENABLE_STRICT_OBJC_MSGSEND = YES;
				ENABLE_TESTABILITY = YES;
				GCC_C_LANGUAGE_STANDARD = gnu11;
				GCC_DYNAMIC_NO_PIC = NO;
				GCC_NO_COMMON_BLOCKS = YES;
				GCC_OPTIMIZATION_LEVEL = 0;
				GCC_PREPROCESSOR_DEFINITIONS = (
					"DEBUG=1",
					"$(inherited)",
				);
				GCC_WARN_64_TO_32_BIT_CONVERSION = YES;
				GCC_WARN_ABOUT_RETURN_TYPE = YES_ERROR;
				GCC_WARN_UNDECLARED_SELECTOR = YES;
				GCC_WARN_UNINITIALIZED_AUTOS = YES_AGGRESSIVE;
				GCC_WARN_UNUSED_FUNCTION = YES;
				GCC_WARN_UNUSED_VARIABLE = YES;
				IPHONEOS_DEPLOYMENT_TARGET = 16.0;
				MTL_ENABLE_DEBUG_INFO = INCLUDE_SOURCE;
				MTL_FAST_MATH = YES;
				ONLY_ACTIVE_ARCH = YES;
				SDKROOT = iphoneos;
				SWIFT_ACTIVE_COMPILATION_CONDITIONS = DEBUG;
				SWIFT_OPTIMIZATION_LEVEL = "-Onone";
			};
			name = Debug;
		};
		9792CC1D28E7E7AF00C9D040 /* Release */ = {
			isa = XCBuildConfiguration;
			buildSettings = {
				ALWAYS_SEARCH_USER_PATHS = NO;
				CLANG_ANALYZER_NONNULL = YES;
				CLANG_ANALYZER_NUMBER_OBJECT_CONVERSION = YES_AGGRESSIVE;
				CLANG_CXX_LANGUAGE_STANDARD = "gnu++20";
				CLANG_ENABLE_MODULES = YES;
				CLANG_ENABLE_OBJC_ARC = YES;
				CLANG_ENABLE_OBJC_WEAK = YES;
				CLANG_WARN_BLOCK_CAPTURE_AUTORELEASING = YES;
				CLANG_WARN_BOOL_CONVERSION = YES;
				CLANG_WARN_COMMA = YES;
				CLANG_WARN_CONSTANT_CONVERSION = YES;
				CLANG_WARN_DEPRECATED_OBJC_IMPLEMENTATIONS = YES;
				CLANG_WARN_DIRECT_OBJC_ISA_USAGE = YES_ERROR;
				CLANG_WARN_DOCUMENTATION_COMMENTS = YES;
				CLANG_WARN_EMPTY_BODY = YES;
				CLANG_WARN_ENUM_CONVERSION = YES;
				CLANG_WARN_INFINITE_RECURSION = YES;
				CLANG_WARN_INT_CONVERSION = YES;
				CLANG_WARN_NON_LITERAL_NULL_CONVERSION = YES;
				CLANG_WARN_OBJC_IMPLICIT_RETAIN_SELF = YES;
				CLANG_WARN_OBJC_LITERAL_CONVERSION = YES;
				CLANG_WARN_OBJC_ROOT_CLASS = YES_ERROR;
				CLANG_WARN_QUOTED_INCLUDE_IN_FRAMEWORK_HEADER = YES;
				CLANG_WARN_RANGE_LOOP_ANALYSIS = YES;
				CLANG_WARN_STRICT_PROTOTYPES = YES;
				CLANG_WARN_SUSPICIOUS_MOVE = YES;
				CLANG_WARN_UNGUARDED_AVAILABILITY = YES_AGGRESSIVE;
				CLANG_WARN_UNREACHABLE_CODE = YES;
				CLANG_WARN__DUPLICATE_METHOD_MATCH = YES;
				COPY_PHASE_STRIP = NO;
				DEBUG_INFORMATION_FORMAT = "dwarf-with-dsym";
				ENABLE_NS_ASSERTIONS = NO;
				ENABLE_STRICT_OBJC_MSGSEND = YES;
				GCC_C_LANGUAGE_STANDARD = gnu11;
				GCC_NO_COMMON_BLOCKS = YES;
				GCC_WARN_64_TO_32_BIT_CONVERSION = YES;
				GCC_WARN_ABOUT_RETURN_TYPE = YES_ERROR;
				GCC_WARN_UNDECLARED_SELECTOR = YES;
				GCC_WARN_UNINITIALIZED_AUTOS = YES_AGGRESSIVE;
				GCC_WARN_UNUSED_FUNCTION = YES;
				GCC_WARN_UNUSED_VARIABLE = YES;
				IPHONEOS_DEPLOYMENT_TARGET = 16.0;
				MTL_ENABLE_DEBUG_INFO = NO;
				MTL_FAST_MATH = YES;
				SDKROOT = iphoneos;
				SWIFT_COMPILATION_MODE = wholemodule;
				SWIFT_OPTIMIZATION_LEVEL = "-O";
				VALIDATE_PRODUCT = YES;
			};
			name = Release;
		};
		9792CC1F28E7E7AF00C9D040 /* Debug */ = {
			isa = XCBuildConfiguration;
			baseConfigurationReference = C35B81B4E4E5547332B1656E /* Pods-XFS.debug.xcconfig */;
			buildSettings = {
				ASSETCATALOG_COMPILER_APPICON_NAME = AppIcon;
				ASSETCATALOG_COMPILER_GLOBAL_ACCENT_COLOR_NAME = AccentColor;
				CODE_SIGN_STYLE = Automatic;
				CURRENT_PROJECT_VERSION = 1;
				DEVELOPMENT_TEAM = MPV859CKBH;
				GENERATE_INFOPLIST_FILE = YES;
				INFOPLIST_FILE = XFS/Info.plist;
				INFOPLIST_KEY_CFBundleDisplayName = "小粉书";
				INFOPLIST_KEY_UIApplicationSupportsIndirectInputEvents = YES;
				INFOPLIST_KEY_UILaunchStoryboardName = LaunchScreen;
				INFOPLIST_KEY_UIMainStoryboardFile = Main;
				INFOPLIST_KEY_UIStatusBarStyle = "";
				INFOPLIST_KEY_UISupportedInterfaceOrientations = UIInterfaceOrientationPortrait;
				INFOPLIST_KEY_UISupportedInterfaceOrientations_iPad = "UIInterfaceOrientationLandscapeLeft UIInterfaceOrientationLandscapeRight UIInterfaceOrientationPortrait UIInterfaceOrientationPortraitUpsideDown";
				IPHONEOS_DEPLOYMENT_TARGET = 14.0;
				LD_RUNPATH_SEARCH_PATHS = (
					"$(inherited)",
					"@executable_path/Frameworks",
				);
				MARKETING_VERSION = 1.0;
				PRODUCT_BUNDLE_IDENTIFIER = com.jerry.xfs.XFS;
				PRODUCT_NAME = "$(TARGET_NAME)";
				SUPPORTED_PLATFORMS = "iphoneos iphonesimulator";
				SUPPORTS_MACCATALYST = NO;
				SUPPORTS_MAC_DESIGNED_FOR_IPHONE_IPAD = NO;
				SWIFT_EMIT_LOC_STRINGS = YES;
				SWIFT_VERSION = 5.0;
				TARGETED_DEVICE_FAMILY = 1;
			};
			name = Debug;
		};
		9792CC2028E7E7AF00C9D040 /* Release */ = {
			isa = XCBuildConfiguration;
			baseConfigurationReference = 73D27019784FB05FA7C6D9CF /* Pods-XFS.release.xcconfig */;
			buildSettings = {
				ASSETCATALOG_COMPILER_APPICON_NAME = AppIcon;
				ASSETCATALOG_COMPILER_GLOBAL_ACCENT_COLOR_NAME = AccentColor;
				CODE_SIGN_STYLE = Automatic;
				CURRENT_PROJECT_VERSION = 1;
				DEVELOPMENT_TEAM = MPV859CKBH;
				GENERATE_INFOPLIST_FILE = YES;
				INFOPLIST_FILE = XFS/Info.plist;
				INFOPLIST_KEY_CFBundleDisplayName = "小粉书";
				INFOPLIST_KEY_UIApplicationSupportsIndirectInputEvents = YES;
				INFOPLIST_KEY_UILaunchStoryboardName = LaunchScreen;
				INFOPLIST_KEY_UIMainStoryboardFile = Main;
				INFOPLIST_KEY_UIStatusBarStyle = "";
				INFOPLIST_KEY_UISupportedInterfaceOrientations = UIInterfaceOrientationPortrait;
				INFOPLIST_KEY_UISupportedInterfaceOrientations_iPad = "UIInterfaceOrientationLandscapeLeft UIInterfaceOrientationLandscapeRight UIInterfaceOrientationPortrait UIInterfaceOrientationPortraitUpsideDown";
				IPHONEOS_DEPLOYMENT_TARGET = 14.0;
				LD_RUNPATH_SEARCH_PATHS = (
					"$(inherited)",
					"@executable_path/Frameworks",
				);
				MARKETING_VERSION = 1.0;
				PRODUCT_BUNDLE_IDENTIFIER = com.jerry.xfs.XFS;
				PRODUCT_NAME = "$(TARGET_NAME)";
				SUPPORTED_PLATFORMS = "iphoneos iphonesimulator";
				SUPPORTS_MACCATALYST = NO;
				SUPPORTS_MAC_DESIGNED_FOR_IPHONE_IPAD = NO;
				SWIFT_EMIT_LOC_STRINGS = YES;
				SWIFT_VERSION = 5.0;
				TARGETED_DEVICE_FAMILY = 1;
			};
			name = Release;
		};
/* End XCBuildConfiguration section */

/* Begin XCConfigurationList section */
		9792CC0228E7E7AF00C9D040 /* Build configuration list for PBXProject "XFS" */ = {
			isa = XCConfigurationList;
			buildConfigurations = (
				9792CC1C28E7E7AF00C9D040 /* Debug */,
				9792CC1D28E7E7AF00C9D040 /* Release */,
			);
			defaultConfigurationIsVisible = 0;
			defaultConfigurationName = Release;
		};
		9792CC1E28E7E7AF00C9D040 /* Build configuration list for PBXNativeTarget "XFS" */ = {
			isa = XCConfigurationList;
			buildConfigurations = (
				9792CC1F28E7E7AF00C9D040 /* Debug */,
				9792CC2028E7E7AF00C9D040 /* Release */,
			);
			defaultConfigurationIsVisible = 0;
			defaultConfigurationName = Release;
		};
/* End XCConfigurationList section */

/* Begin XCVersionGroup section */
		9792CC1328E7E7AF00C9D040 /* XFS.xcdatamodeld */ = {
			isa = XCVersionGroup;
			children = (
				9792CC1428E7E7AF00C9D040 /* XFS.xcdatamodel */,
			);
			currentVersion = 9792CC1428E7E7AF00C9D040 /* XFS.xcdatamodel */;
			path = XFS.xcdatamodeld;
			sourceTree = "<group>";
			versionGroupType = wrapper.xcdatamodel;
		};
/* End XCVersionGroup section */
	};
	rootObject = 9792CBFF28E7E7AF00C9D040 /* Project object */;
}
